# THIS IS AN AUTOGENERATED FILE. DO NOT EDIT THIS FILE DIRECTLY.
# yarn lockfile v1


"@alloc/quick-lru@^5.2.0":
  version "5.2.0"
  resolved "https://registry.yarnpkg.com/@alloc/quick-lru/-/quick-lru-5.2.0.tgz#7bf68b20c0a350f936915fcae06f58e32007ce30"
  integrity sha512-UrcABB+4bUrFABwbluTIBErXwvbsU/V7TZWfmbgJfbkwiBuziS9gxdODUyuiecfdGQ85jglMW6juS3+z5TsKLw==

"@babel/code-frame@^7.0.0":
  version "7.26.2"
  resolved "https://registry.yarnpkg.com/@babel/code-frame/-/code-frame-7.26.2.tgz#4b5fab97d33338eff916235055f0ebc21e573a85"
  integrity sha512-RJlIHRueQgwWitWgF8OdFYGZX328Ax5BCemNGlqHfplnRT9ESi8JkFlvaVYbS+UubVY6dpv87Fs2u5M29iNFVQ==
  dependencies:
    "@babel/helper-validator-identifier" "^7.25.9"
    js-tokens "^4.0.0"
    picocolors "^1.0.0"

"@babel/helper-validator-identifier@^7.25.9":
  version "7.25.9"
  resolved "https://registry.yarnpkg.com/@babel/helper-validator-identifier/-/helper-validator-identifier-7.25.9.tgz#24b64e2c3ec7cd3b3c547729b8d16871f22cbdc7"
  integrity sha512-Ed61U6XJc3CVRfkERJWDz4dJwKe7iLmmJsbOGu9wSloNSFttHV0I8g6UAgb7qnK5ly5bGLPd4oXZlxCdANBOWQ==

"@jsonjoy.com/base64@^1.1.1":
  version "1.1.2"
  resolved "https://registry.yarnpkg.com/@jsonjoy.com/base64/-/base64-1.1.2.tgz#cf8ea9dcb849b81c95f14fc0aaa151c6b54d2578"
  integrity sha512-q6XAnWQDIMA3+FTiOYajoYqySkO+JSat0ytXGSuRdq9uXE7o92gzuQwQM14xaCRlBLGq3v5miDGC4vkVTn54xA==

"@jsonjoy.com/json-pack@^1.0.3":
  version "1.1.1"
  resolved "https://registry.yarnpkg.com/@jsonjoy.com/json-pack/-/json-pack-1.1.1.tgz#1f2db19ab1fd3304ccac259a1ef1dc6aff6df0ba"
  integrity sha512-osjeBqMJ2lb/j/M8NCPjs1ylqWIcTRTycIhVB5pt6LgzgeRSb0YRZ7j9RfA8wIUrsr/medIuhVyonXRZWLyfdw==
  dependencies:
    "@jsonjoy.com/base64" "^1.1.1"
    "@jsonjoy.com/util" "^1.1.2"
    hyperdyperid "^1.2.0"
    thingies "^1.20.0"

"@jsonjoy.com/util@^1.1.2", "@jsonjoy.com/util@^1.3.0":
  version "1.5.0"
  resolved "https://registry.yarnpkg.com/@jsonjoy.com/util/-/util-1.5.0.tgz#6008e35b9d9d8ee27bc4bfaa70c8cbf33a537b4c"
  integrity sha512-ojoNsrIuPI9g6o8UxhraZQSyF2ByJanAY4cTFbc8Mf2AXEF4aQRGY1dJxyJpuyav8r9FGflEt/Ff3u5Nt6YMPA==

"@module-federation/error-codes@0.8.4":
  version "0.8.4"
  resolved "https://registry.yarnpkg.com/@module-federation/error-codes/-/error-codes-0.8.4.tgz#c66ead0da86bc010fa53187462c704b3e0d5a256"
  integrity sha512-55LYmrDdKb4jt+qr8qE8U3al62ZANp3FhfVaNPOaAmdTh0jHdD8M3yf5HKFlr5xVkVO4eV/F/J2NCfpbh+pEXQ==

"@module-federation/runtime-tools@0.8.4":
  version "0.8.4"
  resolved "https://registry.yarnpkg.com/@module-federation/runtime-tools/-/runtime-tools-0.8.4.tgz#ddf8461fe9b5d5e962511f4e5b622008ee46bde8"
  integrity sha512-fjVOsItJ1u5YY6E9FnS56UDwZgqEQUrWFnouRiPtK123LUuqUI9FH4redZoKWlE1PB0ir1Z3tnqy8eFYzPO38Q==
  dependencies:
    "@module-federation/runtime" "0.8.4"
    "@module-federation/webpack-bundler-runtime" "0.8.4"

"@module-federation/runtime@0.8.4":
  version "0.8.4"
  resolved "https://registry.yarnpkg.com/@module-federation/runtime/-/runtime-0.8.4.tgz#7fc63e1b7dda0506bb2a70c1a52aa73513c5b508"
  integrity sha512-yZeZ7z2Rx4gv/0E97oLTF3V6N25vglmwXGgoeju/W2YjsFvWzVtCDI7zRRb0mJhU6+jmSM8jP1DeQGbea/AiZQ==
  dependencies:
    "@module-federation/error-codes" "0.8.4"
    "@module-federation/sdk" "0.8.4"

"@module-federation/sdk@0.8.4":
  version "0.8.4"
  resolved "https://registry.yarnpkg.com/@module-federation/sdk/-/sdk-0.8.4.tgz#956e178e104d640482e5afe93c7e3a095a589807"
  integrity sha512-waABomIjg/5m1rPDBWYG4KUhS5r7OUUY7S+avpaVIY/tkPWB3ibRDKy2dNLLAMaLKq0u+B1qIdEp4NIWkqhqpg==
  dependencies:
    isomorphic-rslog "0.0.6"

"@module-federation/webpack-bundler-runtime@0.8.4":
  version "0.8.4"
  resolved "https://registry.yarnpkg.com/@module-federation/webpack-bundler-runtime/-/webpack-bundler-runtime-0.8.4.tgz#c01f5a5c5d61664c21ac6c479ebe9d8bf09d22d6"
  integrity sha512-HggROJhvHPUX7uqBD/XlajGygMNM1DG0+4OAkk8MBQe4a18QzrRNzZt6XQbRTSG4OaEoyRWhQHvYD3Yps405tQ==
  dependencies:
    "@module-federation/runtime" "0.8.4"
    "@module-federation/sdk" "0.8.4"

"@rspack/binding-darwin-arm64@1.2.2":
  version "1.2.2"
  resolved "https://registry.yarnpkg.com/@rspack/binding-darwin-arm64/-/binding-darwin-arm64-1.2.2.tgz#e2444ef46b3ee689a6021ae757bb55a0dbe7b491"
  integrity sha512-h23F8zEkXWhwMeScm0ZnN78Zh7hCDalxIWsm7bBS0eKadnlegUDwwCF8WE+8NjWr7bRzv0p3QBWlS5ufkcL4eA==

"@rspack/binding-darwin-x64@1.2.2":
  version "1.2.2"
  resolved "https://registry.yarnpkg.com/@rspack/binding-darwin-x64/-/binding-darwin-x64-1.2.2.tgz#5a4b827692d3063a5d30577ba41f2d97ab452492"
  integrity sha512-vG5s7FkEvwrGLfksyDRHwKAHUkhZt1zHZZXJQn4gZKjTBonje8ezdc7IFlDiWpC4S+oBYp73nDWkUzkGRbSdcQ==

"@rspack/binding-linux-arm64-gnu@1.2.2":
  version "1.2.2"
  resolved "https://registry.yarnpkg.com/@rspack/binding-linux-arm64-gnu/-/binding-linux-arm64-gnu-1.2.2.tgz#9c07f56fcac8ddc12bb818868fd5194c80d11fb5"
  integrity sha512-VykY/kiYOzO8E1nYzfJ9+gQEHxb5B6lt5wa8M6xFi5B6jEGU+OsaGskmAZB9/GFImeFDHxDPvhUalI4R9p8O2Q==

"@rspack/binding-linux-arm64-musl@1.2.2":
  version "1.2.2"
  resolved "https://registry.yarnpkg.com/@rspack/binding-linux-arm64-musl/-/binding-linux-arm64-musl-1.2.2.tgz#e3aff4cd36de780f95ded65264363b444f7f3c4e"
  integrity sha512-Z5vAC4wGfXi8XXZ6hs8Q06TYjr3zHf819HB4DI5i4C1eQTeKdZSyoFD0NHFG23bP4NWJffp8KhmoObcy9jBT5Q==

"@rspack/binding-linux-x64-gnu@1.2.2":
  version "1.2.2"
  resolved "https://registry.yarnpkg.com/@rspack/binding-linux-x64-gnu/-/binding-linux-x64-gnu-1.2.2.tgz#5af03e8b21c4afecddd92d52f0994a7e4785aabd"
  integrity sha512-o3pDaL+cH5EeRbDE9gZcdZpBgp5iXvYZBBhe8vZQllYgI4zN5MJEuleV7WplG3UwTXlgZg3Kht4RORSOPn96vg==

"@rspack/binding-linux-x64-musl@1.2.2":
  version "1.2.2"
  resolved "https://registry.yarnpkg.com/@rspack/binding-linux-x64-musl/-/binding-linux-x64-musl-1.2.2.tgz#e5be9d4d6d7e5369fa0708c3bc6281a8c52525ad"
  integrity sha512-RE3e0xe4DdchHssttKzryDwjLkbrNk/4H59TkkWeGYJcLw41tmcOZVFQUOwKLUvXWVyif/vjvV/w1SMlqB4wQg==

"@rspack/binding-win32-arm64-msvc@1.2.2":
  version "1.2.2"
  resolved "https://registry.yarnpkg.com/@rspack/binding-win32-arm64-msvc/-/binding-win32-arm64-msvc-1.2.2.tgz#4b1e98a304f1ea10fefb1de2de8abc460a0a15a7"
  integrity sha512-R+PKBYn6uzTaDdVqTHvjqiJPBr5ZHg1wg5UmFDLNH9OklzVFyQh1JInSdJRb7lzfzTRz6bEkkwUFBPQK/CGScw==

"@rspack/binding-win32-ia32-msvc@1.2.2":
  version "1.2.2"
  resolved "https://registry.yarnpkg.com/@rspack/binding-win32-ia32-msvc/-/binding-win32-ia32-msvc-1.2.2.tgz#3eff46acf9b1e11b33846edf0f7f916e8aeeb5e6"
  integrity sha512-dBqz3sRAGZ2f31FgzKLDvIRfq2haRP3X3XVCT0PsiMcvt7QJng+26aYYMy2THatd/nM8IwExYeitHWeiMBoruw==

"@rspack/binding-win32-x64-msvc@1.2.2":
  version "1.2.2"
  resolved "https://registry.yarnpkg.com/@rspack/binding-win32-x64-msvc/-/binding-win32-x64-msvc-1.2.2.tgz#6f4bf6a590ffbbda64316ef1dc0378c0c3d93f2e"
  integrity sha512-eeAvaN831KG553cMSHkVldyk6YQn4ujgRHov6r1wtREq7CD3/ka9LMkJUepCN85K7XtwYT0N4KpFIQyf5GTGoA==

"@rspack/binding@1.2.2":
  version "1.2.2"
  resolved "https://registry.yarnpkg.com/@rspack/binding/-/binding-1.2.2.tgz#0be057d1668cfc753bfbf039704fb0eb1c69a953"
  integrity sha512-GCZwpGFYlLTdJ2soPLwjw9z4LSZ+GdpbHNfBt3Cm/f/bAF8n6mZc7dHUqN893RFh7MPU17HNEL3fMw7XR+6pHg==
  optionalDependencies:
    "@rspack/binding-darwin-arm64" "1.2.2"
    "@rspack/binding-darwin-x64" "1.2.2"
    "@rspack/binding-linux-arm64-gnu" "1.2.2"
    "@rspack/binding-linux-arm64-musl" "1.2.2"
    "@rspack/binding-linux-x64-gnu" "1.2.2"
    "@rspack/binding-linux-x64-musl" "1.2.2"
    "@rspack/binding-win32-arm64-msvc" "1.2.2"
    "@rspack/binding-win32-ia32-msvc" "1.2.2"
    "@rspack/binding-win32-x64-msvc" "1.2.2"

"@rspack/core@^1.2.2":
  version "1.2.2"
  resolved "https://registry.yarnpkg.com/@rspack/core/-/core-1.2.2.tgz#c91b7d36aa080ca99459826ad2db0e665215da2c"
  integrity sha512-EeHAmY65Uj62hSbUKesbrcWGE7jfUI887RD03G++Gj8jS4WPHEu1TFODXNOXg6pa7zyIvs2BK0Bm16Kwz8AEaQ==
  dependencies:
    "@module-federation/runtime-tools" "0.8.4"
    "@rspack/binding" "1.2.2"
    "@rspack/lite-tapable" "1.0.1"
    caniuse-lite "^1.0.30001616"

"@rspack/lite-tapable@1.0.1":
  version "1.0.1"
  resolved "https://registry.yarnpkg.com/@rspack/lite-tapable/-/lite-tapable-1.0.1.tgz#d4540a5d28bd6177164bc0ba0bee4bdec0458591"
  integrity sha512-VynGOEsVw2s8TAlLf/uESfrgfrq2+rcXB1muPJYBWbsm1Oa6r5qVQhjA5ggM6z/coYPrsVMgovl3Ff7Q7OCp1w==

"@tailwindcss/node@^4.0.3":
  version "4.0.3"
  resolved "https://registry.yarnpkg.com/@tailwindcss/node/-/node-4.0.3.tgz#2ea18bdc679be00f623e3a7240ab291255dc59b4"
  integrity sha512-QsVJokOl0pJ4AbJV33D2npvLcHGPWi5MOSZtrtE0GT3tSx+3D0JE2lokLA8yHS1x3oCY/3IyRyy7XX6tmzid7A==
  dependencies:
    enhanced-resolve "^5.18.0"
    jiti "^2.4.2"
    tailwindcss "4.0.3"

"@tailwindcss/oxide-android-arm64@4.0.3":
  version "4.0.3"
  resolved "https://registry.yarnpkg.com/@tailwindcss/oxide-android-arm64/-/oxide-android-arm64-4.0.3.tgz#d96756e6a28f563f4c958e7f71cffed687bf7dbc"
  integrity sha512-S8XOTQuMnpijZRlPm5HBzPJjZ28quB+40LSRHjRnQF6rRYKsvpr1qkY7dfwsetNdd+kMLOMDsvmuT8WnqqETvg==

"@tailwindcss/oxide-darwin-arm64@4.0.3":
  version "4.0.3"
  resolved "https://registry.yarnpkg.com/@tailwindcss/oxide-darwin-arm64/-/oxide-darwin-arm64-4.0.3.tgz#0a62c47674ae8dbea3b8888c54595c63e5a22fdf"
  integrity sha512-smrY2DpzhXvgDhZtQlYAl8+vxJ04lv2/64C1eiRxvsRT2nkw/q+zA1/eAYKvUHat6cIuwqDku3QucmrUT6pCeg==

"@tailwindcss/oxide-darwin-x64@4.0.3":
  version "4.0.3"
  resolved "https://registry.yarnpkg.com/@tailwindcss/oxide-darwin-x64/-/oxide-darwin-x64-4.0.3.tgz#8d682f563d791b99e3a6292000785d12bd7fb1bf"
  integrity sha512-NTz8x/LcGUjpZAWUxz0ZuzHao90Wj9spoQgomwB+/hgceh5gcJDfvaBYqxLFpKzVglpnbDSq1Fg0p0zI4oa5Pg==

"@tailwindcss/oxide-freebsd-x64@4.0.3":
  version "4.0.3"
  resolved "https://registry.yarnpkg.com/@tailwindcss/oxide-freebsd-x64/-/oxide-freebsd-x64-4.0.3.tgz#1c7dfd69c84f4f5df021a698be8f982f0d5a99c9"
  integrity sha512-yQc9Q0JCOp3kkAV8gKgDctXO60IkQhHpqGB+KgOccDtD5UmN6Q5+gd+lcsDyQ7N8dRuK1fAud51xQpZJgKfm7g==

"@tailwindcss/oxide-linux-arm-gnueabihf@4.0.3":
  version "4.0.3"
  resolved "https://registry.yarnpkg.com/@tailwindcss/oxide-linux-arm-gnueabihf/-/oxide-linux-arm-gnueabihf-4.0.3.tgz#7b3ef6f0a44d1a1a099bfced53c3e84a267fdc3d"
  integrity sha512-e1ivVMLSnxTOU1O3npnxN16FEyWM/g3SuH2pP6udxXwa0/SnSAijRwcAYRpqIlhVKujr158S8UeHxQjC4fGl4w==

"@tailwindcss/oxide-linux-arm64-gnu@4.0.3":
  version "4.0.3"
  resolved "https://registry.yarnpkg.com/@tailwindcss/oxide-linux-arm64-gnu/-/oxide-linux-arm64-gnu-4.0.3.tgz#6a7b8ad88332e8dc5d12c13294f86272f64f7b8a"
  integrity sha512-PLrToqQqX6sdJ9DmMi8IxZWWrfjc9pdi9AEEPTrtMts3Jm9HBi1WqEeF1VwZZ2aW9TXloE5OwA35zuuq1Bhb/Q==

"@tailwindcss/oxide-linux-arm64-musl@4.0.3":
  version "4.0.3"
  resolved "https://registry.yarnpkg.com/@tailwindcss/oxide-linux-arm64-musl/-/oxide-linux-arm64-musl-4.0.3.tgz#6545c4f5d21e2d1a1d68ff61c07a14ff9abaf05e"
  integrity sha512-YlzRxx7N1ampfgSKzEDw0iwDkJXUInR4cgNEqmR4TzHkU2Vhg59CGPJrTI7dxOBofD8+O35R13Nk9Ytyv0JUFg==

"@tailwindcss/oxide-linux-x64-gnu@4.0.3":
  version "4.0.3"
  resolved "https://registry.yarnpkg.com/@tailwindcss/oxide-linux-x64-gnu/-/oxide-linux-x64-gnu-4.0.3.tgz#7f87edc0930c451465fa16e1f995a567ea015f88"
  integrity sha512-Xfc3z/li6XkuD7Hs+Uk6pjyCXnfnd9zuQTKOyDTZJ544xc2yoMKUkuDw6Et9wb31MzU2/c0CIUpTDa71lL9KHw==

"@tailwindcss/oxide-linux-x64-musl@4.0.3":
  version "4.0.3"
  resolved "https://registry.yarnpkg.com/@tailwindcss/oxide-linux-x64-musl/-/oxide-linux-x64-musl-4.0.3.tgz#709ba734457fa24e2a9f061e3adb94b3683568af"
  integrity sha512-ugKVqKzwa/cjmqSQG17aS9DYrEcQ/a5NITcgmOr3JLW4Iz64C37eoDlkC8tIepD3S/Td/ywKAolTQ8fKbjEL4g==

"@tailwindcss/oxide-win32-arm64-msvc@4.0.3":
  version "4.0.3"
  resolved "https://registry.yarnpkg.com/@tailwindcss/oxide-win32-arm64-msvc/-/oxide-win32-arm64-msvc-4.0.3.tgz#6acd7aa99103427d7c55be4ba7ec4274cdcaa108"
  integrity sha512-qHPDMl+UUwsk1RMJMgAXvhraWqUUT+LR/tkXix5RA39UGxtTrHwsLIN1AhNxI5i2RFXAXfmFXDqZCdyQ4dWmAQ==

"@tailwindcss/oxide-win32-x64-msvc@4.0.3":
  version "4.0.3"
  resolved "https://registry.yarnpkg.com/@tailwindcss/oxide-win32-x64-msvc/-/oxide-win32-x64-msvc-4.0.3.tgz#be9aadfaadd4522352af3bb054387b6870840350"
  integrity sha512-+ujwN4phBGyOsPyLgGgeCyUm4Mul+gqWVCIGuSXWgrx9xVUnf6LVXrw0BDBc9Aq1S2qMyOTX4OkCGbZeoIo8Qw==

"@tailwindcss/oxide@^4.0.3":
  version "4.0.3"
  resolved "https://registry.yarnpkg.com/@tailwindcss/oxide/-/oxide-4.0.3.tgz#488ea050dddf521493e998542e8c60a6e9997348"
  integrity sha512-FFcp3VNvRjjmFA39ORM27g2mbflMQljhvM7gxBAujHxUy4LXlKa6yMF9wbHdTbPqTONiCyyOYxccvJyVyI/XBg==
  optionalDependencies:
    "@tailwindcss/oxide-android-arm64" "4.0.3"
    "@tailwindcss/oxide-darwin-arm64" "4.0.3"
    "@tailwindcss/oxide-darwin-x64" "4.0.3"
    "@tailwindcss/oxide-freebsd-x64" "4.0.3"
    "@tailwindcss/oxide-linux-arm-gnueabihf" "4.0.3"
    "@tailwindcss/oxide-linux-arm64-gnu" "4.0.3"
    "@tailwindcss/oxide-linux-arm64-musl" "4.0.3"
    "@tailwindcss/oxide-linux-x64-gnu" "4.0.3"
    "@tailwindcss/oxide-linux-x64-musl" "4.0.3"
    "@tailwindcss/oxide-win32-arm64-msvc" "4.0.3"
    "@tailwindcss/oxide-win32-x64-msvc" "4.0.3"

"@tailwindcss/postcss@^4.0.3":
  version "4.0.3"
  resolved "https://registry.yarnpkg.com/@tailwindcss/postcss/-/postcss-4.0.3.tgz#2adac55fc0659020b76b8f2963a30aa2a06b2e38"
  integrity sha512-qUyxuhuI2eTgRJ+qfCQRAr69Cw7BdSz+PoNFUNoRuhPjikNC8+sxK+Mi/chaXAXewjv/zbf6if6z6ItVLh+e9Q==
  dependencies:
    "@alloc/quick-lru" "^5.2.0"
    "@tailwindcss/node" "^4.0.3"
    "@tailwindcss/oxide" "^4.0.3"
    lightningcss "^1.29.1"
    postcss "^8.4.41"
    tailwindcss "4.0.3"

"@types/node@^22.12.0":
  version "22.13.1"
  resolved "https://registry.yarnpkg.com/@types/node/-/node-22.13.1.tgz#a2a3fefbdeb7ba6b89f40371842162fac0934f33"
  integrity sha512-jK8uzQlrvXqEU91UxiK5J7pKHyzgnI1Qnl0QDHIgVGuolJhRb9EEl28Cj9b3rGR8B2lhFCtvIm5os8lFnO/1Ew==
  dependencies:
    undici-types "~6.20.0"

argparse@^2.0.1:
  version "2.0.1"
  resolved "https://registry.yarnpkg.com/argparse/-/argparse-2.0.1.tgz#246f50f3ca78a3240f6c997e8a9bd1eac49e4b38"
  integrity sha512-8+9WqebbFzpX9OR+Wa6O29asIogeRMzcGtAINdpMHHyAg10f05aSFVBbcEqGf/PXw1EjAZ+q2/bEBg3DvurK3Q==

callsites@^3.0.0:
  version "3.1.0"
  resolved "https://registry.yarnpkg.com/callsites/-/callsites-3.1.0.tgz#b3630abd8943432f54b3f0519238e33cd7df2f73"
  integrity sha512-P8BjAsXvZS+VIDUI11hHCQEv74YT67YUi5JJFNWIqL235sBmjX4+qx9Muvls5ivyNENctx46xQLQ3aTuE7ssaQ==

caniuse-lite@^1.0.30001616:
  version "1.0.30001697"
  resolved "https://registry.yarnpkg.com/caniuse-lite/-/caniuse-lite-1.0.30001697.tgz#040bbbb54463c4b4b3377c716b34a322d16e6fc7"
  integrity sha512-GwNPlWJin8E+d7Gxq96jxM6w0w+VFeyyXRsjU58emtkYqnbwHqXm5uT2uCmO0RQE9htWknOP4xtBlLmM/gWxvQ==

clone-deep@^4.0.1:
  version "4.0.1"
  resolved "https://registry.yarnpkg.com/clone-deep/-/clone-deep-4.0.1.tgz#c19fd9bdbbf85942b4fd979c84dcf7d5f07c2387"
  integrity sha512-neHB9xuzh/wk0dIHweyAXv2aPGZIVk3pLMe+/RNzINf17fe0OG96QroktYAUm7SM1PBnzTabaLboqqxDyMU+SQ==
  dependencies:
    is-plain-object "^2.0.4"
    kind-of "^6.0.2"
    shallow-clone "^3.0.0"

cosmiconfig@^9.0.0:
  version "9.0.0"
  resolved "https://registry.yarnpkg.com/cosmiconfig/-/cosmiconfig-9.0.0.tgz#34c3fc58287b915f3ae905ab6dc3de258b55ad9d"
  integrity sha512-itvL5h8RETACmOTFc4UfIyB2RfEHi71Ax6E/PivVxq9NseKbOWpeyHEOIbmAw1rs8Ak0VursQNww7lf7YtUwzg==
  dependencies:
    env-paths "^2.2.1"
    import-fresh "^3.3.0"
    js-yaml "^4.1.0"
    parse-json "^5.2.0"

detect-libc@^1.0.3:
  version "1.0.3"
  resolved "https://registry.yarnpkg.com/detect-libc/-/detect-libc-1.0.3.tgz#fa137c4bd698edf55cd5cd02ac559f91a4c4ba9b"
  integrity sha512-pGjwhsmsp4kL2RTz08wcOlGN83otlqHeD/Z5T8GXZB+/YcpQ/dgo+lbU8ZsGxV0HIvqqxo9l7mqYwyYMD9bKDg==

enhanced-resolve@^5.18.0:
  version "5.18.1"
  resolved "https://registry.yarnpkg.com/enhanced-resolve/-/enhanced-resolve-5.18.1.tgz#728ab082f8b7b6836de51f1637aab5d3b9568faf"
  integrity sha512-ZSW3ma5GkcQBIpwZTSRAI8N71Uuwgs93IezB7mf7R60tC8ZbJideoDNKjHn2O9KIlx6rkGTTEk1xUCK2E1Y2Yg==
  dependencies:
    graceful-fs "^4.2.4"
    tapable "^2.2.0"

env-paths@^2.2.1:
  version "2.2.1"
  resolved "https://registry.yarnpkg.com/env-paths/-/env-paths-2.2.1.tgz#420399d416ce1fbe9bc0a07c62fa68d67fd0f8f2"
  integrity sha512-+h1lkLKhZMTYjog1VEpJNG7NZJWcuc2DDk/qsqSTRRCOXiLjeQ1d1/udrUGhqMxUgAlwKNZ0cf2uqan5GLuS2A==

error-ex@^1.3.1:
  version "1.3.2"
  resolved "https://registry.yarnpkg.com/error-ex/-/error-ex-1.3.2.tgz#b4ac40648107fdcdcfae242f428bea8a14d4f1bf"
  integrity sha512-7dFHNmqeFSEt2ZBsCriorKnn3Z2pj+fd9kmI6QoWw4//DL+icEBfc0U7qJCisqrTsKTjw4fNFy2pW9OqStD84g==
  dependencies:
    is-arrayish "^0.2.1"

flat@^5.0.2:
  version "5.0.2"
  resolved "https://registry.yarnpkg.com/flat/-/flat-5.0.2.tgz#8ca6fe332069ffa9d324c327198c598259ceb241"
  integrity sha512-b6suED+5/3rTpUBdG1gupIl8MPFCAMA0QXwmljLhvCUKcUvdE4gWky9zpuGCcXHOsz4J9wPGNWq6OKpmIzz3hQ==

graceful-fs@^4.2.4:
  version "4.2.11"
  resolved "https://registry.yarnpkg.com/graceful-fs/-/graceful-fs-4.2.11.tgz#4183e4e8bf08bb6e05bbb2f7d2e0c8f712ca40e3"
  integrity sha512-RbJ5/jmFcNNCcDV5o9eTnBLJ/HszWV0P73bc+Ff4nS/rJj+YaS6IGyiOL0VoBYX+l1Wrl3k63h/KrH+nhJ0XvQ==

hyperdyperid@^1.2.0:
  version "1.2.0"
  resolved "https://registry.yarnpkg.com/hyperdyperid/-/hyperdyperid-1.2.0.tgz#59668d323ada92228d2a869d3e474d5a33b69e6b"
  integrity sha512-Y93lCzHYgGWdrJ66yIktxiaGULYc6oGiABxhcO5AufBeOyoIdZF7bIfLaOrbM0iGIOXQQgxxRrFEnb+Y6w1n4A==

import-fresh@^3.3.0:
  version "3.3.1"
  resolved "https://registry.yarnpkg.com/import-fresh/-/import-fresh-3.3.1.tgz#9cecb56503c0ada1f2741dbbd6546e4b13b57ccf"
  integrity sha512-TR3KfrTZTYLPB6jUjfx6MF9WcWrHL9su5TObK4ZkYgBdWKPOFoSoQIdEuTuR82pmtxH2spWG9h6etwfr1pLBqQ==
  dependencies:
    parent-module "^1.0.0"
    resolve-from "^4.0.0"

is-arrayish@^0.2.1:
  version "0.2.1"
  resolved "https://registry.yarnpkg.com/is-arrayish/-/is-arrayish-0.2.1.tgz#77c99840527aa8ecb1a8ba697b80645a7a926a9d"
  integrity sha512-zz06S8t0ozoDXMG+ube26zeCTNXcKIPJZJi8hBrF4idCLms4CG9QtK7qBl1boi5ODzFpjswb5JPmHCbMpjaYzg==

is-plain-object@^2.0.4:
  version "2.0.4"
  resolved "https://registry.yarnpkg.com/is-plain-object/-/is-plain-object-2.0.4.tgz#2c163b3fafb1b606d9d17928f05c2a1c38e07677"
  integrity sha512-h5PpgXkWitc38BBMYawTYMWJHFZJVnBquFE57xFpjB8pJFiF6gZ+bU+WyI/yqXiFR5mdLsgYNaPe8uao6Uv9Og==
  dependencies:
    isobject "^3.0.1"

isobject@^3.0.1:
  version "3.0.1"
  resolved "https://registry.yarnpkg.com/isobject/-/isobject-3.0.1.tgz#4e431e92b11a9731636aa1f9c8d1ccbcfdab78df"
  integrity sha512-WhB9zCku7EGTj/HQQRz5aUQEUeoQZH2bWcltRErOpymJ4boYE6wL9Tbr23krRPSZ+C5zqNSrSw+Cc7sZZ4b7vg==

isomorphic-rslog@0.0.6:
  version "0.0.6"
  resolved "https://registry.yarnpkg.com/isomorphic-rslog/-/isomorphic-rslog-0.0.6.tgz#abf13c77b545b03e5ab3bc376e6de720e07eb190"
  integrity sha512-HM0q6XqQ93psDlqvuViNs/Ea3hAyGDkIdVAHlrEocjjAwGrs1fZ+EdQjS9eUPacnYB7Y8SoDdSY3H8p3ce205A==

jiti@^1.20.0:
  version "1.21.7"
  resolved "https://registry.yarnpkg.com/jiti/-/jiti-1.21.7.tgz#9dd81043424a3d28458b193d965f0d18a2300ba9"
  integrity sha512-/imKNG4EbWNrVjoNC/1H5/9GFy+tqjGBHCaSsN+P2RnPqjsLmv6UD3Ej+Kj8nBWaRAwyk7kK5ZUc+OEatnTR3A==

jiti@^2.4.2:
  version "2.4.2"
  resolved "https://registry.yarnpkg.com/jiti/-/jiti-2.4.2.tgz#d19b7732ebb6116b06e2038da74a55366faef560"
  integrity sha512-rg9zJN+G4n2nfJl5MW3BMygZX56zKPNVEYYqq7adpmMh4Jn2QNEwhvQlFy6jPVdcod7txZtKHWnyZiA3a0zP7A==

js-tokens@^4.0.0:
  version "4.0.0"
  resolved "https://registry.yarnpkg.com/js-tokens/-/js-tokens-4.0.0.tgz#19203fb59991df98e3a287050d4647cdeaf32499"
  integrity sha512-RdJUflcE3cUzKiMqQgsCu06FPu9UdIJO0beYbPhHN4k6apgJtifcoCtT9bcxOpYBtpD2kCM6Sbzg4CausW/PKQ==

js-yaml@^4.1.0:
  version "4.1.0"
  resolved "https://registry.yarnpkg.com/js-yaml/-/js-yaml-4.1.0.tgz#c1fb65f8f5017901cdd2c951864ba18458a10602"
  integrity sha512-wpxZs9NoxZaJESJGIZTyDEaYpl0FKSA+FB9aJiyemKhMwkxQg63h4T1KJgUGHpTqPDNRcmmYLugrRjJlBtWvRA==
  dependencies:
    argparse "^2.0.1"

json-parse-even-better-errors@^2.3.0:
  version "2.3.1"
  resolved "https://registry.yarnpkg.com/json-parse-even-better-errors/-/json-parse-even-better-errors-2.3.1.tgz#7c47805a94319928e05777405dc12e1f7a4ee02d"
  integrity sha512-xyFwyhro/JEof6Ghe2iz2NcXoj2sloNsWr/XsERDK/oiPCfaNhl5ONfp+jQdAZRQQ0IJWNzH9zIZF7li91kh2w==

kind-of@^6.0.2:
  version "6.0.3"
  resolved "https://registry.yarnpkg.com/kind-of/-/kind-of-6.0.3.tgz#07c05034a6c349fa06e24fa35aa76db4580ce4dd"
  integrity sha512-dcS1ul+9tmeD95T+x28/ehLgd9mENa3LsvDTtzm3vyBEO7RPptvAD+t44WVXaUjTBRcrpFeFlC8WCruUR456hw==

lightningcss-darwin-arm64@1.29.1:
  version "1.29.1"
  resolved "https://registry.yarnpkg.com/lightningcss-darwin-arm64/-/lightningcss-darwin-arm64-1.29.1.tgz#dce17349c7b9f968f396ec240503de14e7b4870b"
  integrity sha512-HtR5XJ5A0lvCqYAoSv2QdZZyoHNttBpa5EP9aNuzBQeKGfbyH5+UipLWvVzpP4Uml5ej4BYs5I9Lco9u1fECqw==

lightningcss-darwin-x64@1.29.1:
  version "1.29.1"
  resolved "https://registry.yarnpkg.com/lightningcss-darwin-x64/-/lightningcss-darwin-x64-1.29.1.tgz#e79c984180c57d00ee114210ceced83473d72dfc"
  integrity sha512-k33G9IzKUpHy/J/3+9MCO4e+PzaFblsgBjSGlpAaFikeBFm8B/CkO3cKU9oI4g+fjS2KlkLM/Bza9K/aw8wsNA==

lightningcss-freebsd-x64@1.29.1:
  version "1.29.1"
  resolved "https://registry.yarnpkg.com/lightningcss-freebsd-x64/-/lightningcss-freebsd-x64-1.29.1.tgz#4b3aec9620684a60c45266d50fd843869320f42f"
  integrity sha512-0SUW22fv/8kln2LnIdOCmSuXnxgxVC276W5KLTwoehiO0hxkacBxjHOL5EtHD8BAXg2BvuhsJPmVMasvby3LiQ==

lightningcss-linux-arm-gnueabihf@1.29.1:
  version "1.29.1"
  resolved "https://registry.yarnpkg.com/lightningcss-linux-arm-gnueabihf/-/lightningcss-linux-arm-gnueabihf-1.29.1.tgz#b80e9c4dd75652bec451ffd4d5779492a01791ff"
  integrity sha512-sD32pFvlR0kDlqsOZmYqH/68SqUMPNj+0pucGxToXZi4XZgZmqeX/NkxNKCPsswAXU3UeYgDSpGhu05eAufjDg==

lightningcss-linux-arm64-gnu@1.29.1:
  version "1.29.1"
  resolved "https://registry.yarnpkg.com/lightningcss-linux-arm64-gnu/-/lightningcss-linux-arm64-gnu-1.29.1.tgz#7825eb119ddf580a4a4f011c6f384a3f9c992060"
  integrity sha512-0+vClRIZ6mmJl/dxGuRsE197o1HDEeeRk6nzycSy2GofC2JsY4ifCRnvUWf/CUBQmlrvMzt6SMQNMSEu22csWQ==

lightningcss-linux-arm64-musl@1.29.1:
  version "1.29.1"
  resolved "https://registry.yarnpkg.com/lightningcss-linux-arm64-musl/-/lightningcss-linux-arm64-musl-1.29.1.tgz#389efccf80088dce2bb00e28bd7d1cfe36a71669"
  integrity sha512-UKMFrG4rL/uHNgelBsDwJcBqVpzNJbzsKkbI3Ja5fg00sgQnHw/VrzUTEc4jhZ+AN2BvQYz/tkHu4vt1kLuJyw==

lightningcss-linux-x64-gnu@1.29.1:
  version "1.29.1"
  resolved "https://registry.yarnpkg.com/lightningcss-linux-x64-gnu/-/lightningcss-linux-x64-gnu-1.29.1.tgz#98fc5df5e39ac8ddc51e51f785849eb21131f789"
  integrity sha512-u1S+xdODy/eEtjADqirA774y3jLcm8RPtYztwReEXoZKdzgsHYPl0s5V52Tst+GKzqjebkULT86XMSxejzfISw==

lightningcss-linux-x64-musl@1.29.1:
  version "1.29.1"
  resolved "https://registry.yarnpkg.com/lightningcss-linux-x64-musl/-/lightningcss-linux-x64-musl-1.29.1.tgz#fb4f80895ba7dfa8048ee32e9716a1684fefd6b2"
  integrity sha512-L0Tx0DtaNUTzXv0lbGCLB/c/qEADanHbu4QdcNOXLIe1i8i22rZRpbT3gpWYsCh9aSL9zFujY/WmEXIatWvXbw==

lightningcss-win32-arm64-msvc@1.29.1:
  version "1.29.1"
  resolved "https://registry.yarnpkg.com/lightningcss-win32-arm64-msvc/-/lightningcss-win32-arm64-msvc-1.29.1.tgz#fd4409fd1505d89d0ff66511c36df5a1379eb7cd"
  integrity sha512-QoOVnkIEFfbW4xPi+dpdft/zAKmgLgsRHfJalEPYuJDOWf7cLQzYg0DEh8/sn737FaeMJxHZRc1oBreiwZCjog==

lightningcss-win32-x64-msvc@1.29.1:
  version "1.29.1"
  resolved "https://registry.yarnpkg.com/lightningcss-win32-x64-msvc/-/lightningcss-win32-x64-msvc-1.29.1.tgz#54dcd52884f6cbf205a53d49239559603f194927"
  integrity sha512-NygcbThNBe4JElP+olyTI/doBNGJvLs3bFCRPdvuCcxZCcCZ71B858IHpdm7L1btZex0FvCmM17FK98Y9MRy1Q==

lightningcss@^1.29.1:
  version "1.29.1"
  resolved "https://registry.yarnpkg.com/lightningcss/-/lightningcss-1.29.1.tgz#1d4d62332fc5ba4b6c28e04a8c5638c76019702b"
  integrity sha512-FmGoeD4S05ewj+AkhTY+D+myDvXI6eL27FjHIjoyUkO/uw7WZD1fBVs0QxeYWa7E17CUHJaYX/RUGISCtcrG4Q==
  dependencies:
    detect-libc "^1.0.3"
  optionalDependencies:
    lightningcss-darwin-arm64 "1.29.1"
    lightningcss-darwin-x64 "1.29.1"
    lightningcss-freebsd-x64 "1.29.1"
    lightningcss-linux-arm-gnueabihf "1.29.1"
    lightningcss-linux-arm64-gnu "1.29.1"
    lightningcss-linux-arm64-musl "1.29.1"
    lightningcss-linux-x64-gnu "1.29.1"
    lightningcss-linux-x64-musl "1.29.1"
    lightningcss-win32-arm64-msvc "1.29.1"
    lightningcss-win32-x64-msvc "1.29.1"

lines-and-columns@^1.1.6:
  version "1.2.4"
  resolved "https://registry.yarnpkg.com/lines-and-columns/-/lines-and-columns-1.2.4.tgz#eca284f75d2965079309dc0ad9255abb2ebc1632"
  integrity sha512-7ylylesZQ/PV29jhEDl3Ufjo6ZX7gCqJr5F7PKrqc93v7fzSymt1BpwEU8nAUXs8qzzvqhbjhK5QZg6Mt/HkBg==

memfs@^4.17.0:
  version "4.17.0"
  resolved "https://registry.yarnpkg.com/memfs/-/memfs-4.17.0.tgz#a3c4b5490b9b1e7df5d433adc163e08208ce7ca2"
  integrity sha512-4eirfZ7thblFmqFjywlTmuWVSvccHAJbn1r8qQLzmTO11qcqpohOjmY2mFce6x7x7WtskzRqApPD0hv+Oa74jg==
  dependencies:
    "@jsonjoy.com/json-pack" "^1.0.3"
    "@jsonjoy.com/util" "^1.3.0"
    tree-dump "^1.0.1"
    tslib "^2.0.0"

nanoid@^3.3.8:
  version "3.3.8"
  resolved "https://registry.yarnpkg.com/nanoid/-/nanoid-3.3.8.tgz#b1be3030bee36aaff18bacb375e5cce521684baf"
  integrity sha512-WNLf5Sd8oZxOm+TzppcYk8gVOgP+l58xNy58D0nbUnOxOWRWvlcCV4kUF7ltmI6PsrLl/BgKEyS4mqsGChFN0w==

parent-module@^1.0.0:
  version "1.0.1"
  resolved "https://registry.yarnpkg.com/parent-module/-/parent-module-1.0.1.tgz#691d2709e78c79fae3a156622452d00762caaaa2"
  integrity sha512-GQ2EWRpQV8/o+Aw8YqtfZZPfNRWZYkbidE9k5rpl/hC3vtHHBfGm2Ifi6qWV+coDGkrUKZAxE3Lot5kcsRlh+g==
  dependencies:
    callsites "^3.0.0"

parse-json@^5.2.0:
  version "5.2.0"
  resolved "https://registry.yarnpkg.com/parse-json/-/parse-json-5.2.0.tgz#c76fc66dee54231c962b22bcc8a72cf2f99753cd"
  integrity sha512-ayCKvm/phCGxOkYRSCM82iDwct8/EonSEgCSxWxD7ve6jHggsFl4fZVQBPRNgQoKiuV/odhFrGzQXZwbifC8Rg==
  dependencies:
    "@babel/code-frame" "^7.0.0"
    error-ex "^1.3.1"
    json-parse-even-better-errors "^2.3.0"
    lines-and-columns "^1.1.6"

picocolors@^1.0.0, picocolors@^1.1.1:
  version "1.1.1"
  resolved "https://registry.yarnpkg.com/picocolors/-/picocolors-1.1.1.tgz#3d321af3eab939b083c8f929a1d12cda81c26b6b"
  integrity sha512-xceH2snhtb5M9liqDsmEw56le376mTZkEX/jEb/RxNFyegNul7eNslCXP9FDj/Lcu0X8KEyMceP2ntpaHrDEVA==

postcss-loader@^8.1.1:
  version "8.1.1"
  resolved "https://registry.yarnpkg.com/postcss-loader/-/postcss-loader-8.1.1.tgz#2822589e7522927344954acb55bbf26e8b195dfe"
  integrity sha512-0IeqyAsG6tYiDRCYKQJLAmgQr47DX6N7sFSWvQxt6AcupX8DIdmykuk/o/tx0Lze3ErGHJEp5OSRxrelC6+NdQ==
  dependencies:
    cosmiconfig "^9.0.0"
    jiti "^1.20.0"
    semver "^7.5.4"

postcss@^8.4.41, postcss@^8.5.1:
  version "8.5.1"
  resolved "https://registry.yarnpkg.com/postcss/-/postcss-8.5.1.tgz#e2272a1f8a807fafa413218245630b5db10a3214"
  integrity sha512-6oz2beyjc5VMn/KV1pPw8fliQkhBXrVn1Z3TVyqZxU8kZpzEKhBdmCFqI6ZbmGtamQvQGuU1sgPTk8ZrXDD7jQ==
  dependencies:
    nanoid "^3.3.8"
    picocolors "^1.1.1"
    source-map-js "^1.2.1"

resolve-from@^4.0.0:
  version "4.0.0"
  resolved "https://registry.yarnpkg.com/resolve-from/-/resolve-from-4.0.0.tgz#4abcd852ad32dd7baabfe9b40e00a36db5f392e6"
  integrity sha512-pb/MYmXstAkysRFx8piNI1tGFNQIFA3vkE3Gq4EuA1dF6gHp/+vgZqsCGJapvy8N3Q+4o7FwvquPJcnZ7RYy4g==

semver@^7.5.4:
  version "7.7.1"
  resolved "https://registry.yarnpkg.com/semver/-/semver-7.7.1.tgz#abd5098d82b18c6c81f6074ff2647fd3e7220c9f"
  integrity sha512-hlq8tAfn0m/61p4BVRcPzIGr6LKiMwo4VM6dGi6pt4qcRkmNzTcWq6eCEjEh+qXjkMDvPlOFFSGwQjoEa6gyMA==

shallow-clone@^3.0.0:
  version "3.0.1"
  resolved "https://registry.yarnpkg.com/shallow-clone/-/shallow-clone-3.0.1.tgz#8f2981ad92531f55035b01fb230769a40e02efa3"
  integrity sha512-/6KqX+GVUdqPuPPd2LxDDxzX6CAbjJehAAOKlNpqqUpAqPM6HeL8f+o3a+JsyGjn2lv0WY8UsTgUJjU9Ok55NA==
  dependencies:
    kind-of "^6.0.2"

source-map-js@^1.2.1:
  version "1.2.1"
  resolved "https://registry.yarnpkg.com/source-map-js/-/source-map-js-1.2.1.tgz#1ce5650fddd87abc099eda37dcff024c2667ae46"
  integrity sha512-UXWMKhLOwVKb728IUtQPXxfYU+usdybtUrK/8uGE8CQMvrhOpwvzDBwj0QhSL7MQc7vIsISBG8VQ8+IDQxpfQA==

tailwindcss@4.0.3, tailwindcss@^4.0.0:
  version "4.0.3"
  resolved "https://registry.yarnpkg.com/tailwindcss/-/tailwindcss-4.0.3.tgz#8f34c24cd23e021662113bd4e13df1e700cb52f8"
  integrity sha512-ImmZF0Lon5RrQpsEAKGxRvHwCvMgSC4XVlFRqmbzTEDb/3wvin9zfEZrMwgsa3yqBbPqahYcVI6lulM2S7IZAA==

tapable@^2.2.0:
  version "2.2.1"
  resolved "https://registry.yarnpkg.com/tapable/-/tapable-2.2.1.tgz#1967a73ef4060a82f12ab96af86d52fdb76eeca0"
  integrity sha512-GNzQvQTOIP6RyTfE2Qxb8ZVlNmw0n88vp1szwWRimP02mnTsx3Wtn5qRdqY9w2XduFNUgvOwhNnQsjwCp+kqaQ==

thingies@^1.20.0:
  version "1.21.0"
  resolved "https://registry.yarnpkg.com/thingies/-/thingies-1.21.0.tgz#e80fbe58fd6fdaaab8fad9b67bd0a5c943c445c1"
  integrity sha512-hsqsJsFMsV+aD4s3CWKk85ep/3I9XzYV/IXaSouJMYIoDlgyi11cBhsqYe9/geRfB0YIikBQg6raRaM+nIMP9g==

tree-dump@^1.0.1:
  version "1.0.2"
  resolved "https://registry.yarnpkg.com/tree-dump/-/tree-dump-1.0.2.tgz#c460d5921caeb197bde71d0e9a7b479848c5b8ac"
  integrity sha512-dpev9ABuLWdEubk+cIaI9cHwRNNDjkBBLXTwI4UCUFdQ5xXKqNXoK4FEciw/vxf+NQ7Cb7sGUyeUtORvHIdRXQ==

tslib@^2.0.0:
  version "2.8.1"
  resolved "https://registry.yarnpkg.com/tslib/-/tslib-2.8.1.tgz#612efe4ed235d567e8aba5f2a5fab70280ade83f"
  integrity sha512-oJFu94HQb+KVduSUQL7wnpmqnfmLsOA/nAh6b6EH0wCEoK0/mPeXU6c3wKDV83MkOuHPRHtSXKKU99IBazS/2w==

typescript@^5.7.3:
  version "5.7.3"
  resolved "https://registry.yarnpkg.com/typescript/-/typescript-5.7.3.tgz#919b44a7dbb8583a9b856d162be24a54bf80073e"
  integrity sha512-84MVSjMEHP+FQRPy3pX9sTVV/INIex71s9TL2Gm5FG/WG1SqXeKyZ0k7/blY/4FdOzI12CBy1vGc4og/eus0fw==

undici-types@~6.20.0:
  version "6.20.0"
  resolved "https://registry.yarnpkg.com/undici-types/-/undici-types-6.20.0.tgz#8171bf22c1f588d1554d55bf204bc624af388433"
  integrity sha512-Ny6QZ2Nju20vw1SRHe3d9jVu6gJ+4e3+MMpqu7pqE5HT6WsTSlce++GQmK5UXS8mzV8DSYHrQH+Xrf2jVcuKNg==

webpack-merge@^6.0.1:
  version "6.0.1"
  resolved "https://registry.yarnpkg.com/webpack-merge/-/webpack-merge-6.0.1.tgz#50c776868e080574725abc5869bd6e4ef0a16c6a"
  integrity sha512-hXXvrjtx2PLYx4qruKl+kyRSLc52V+cCvMxRjmKwoA+CBbbF5GfIBtR6kCvl0fYGqTUPKB+1ktVmTHqMOzgCBg==
  dependencies:
    clone-deep "^4.0.1"
    flat "^5.0.2"
    wildcard "^2.0.1"

wildcard@^2.0.1:
  version "2.0.1"
  resolved "https://registry.yarnpkg.com/wildcard/-/wildcard-2.0.1.tgz#5ab10d02487198954836b6349f74fff961e10f67"
  integrity sha512-CC1bOL87PIWSBhDcTrdeLo6eGT7mCFtrg0uIJtqJUFyK+eJnzl8A1niH56uu7KMa5XFrtiV+AQuHO3n7DsHnLQ==
